
Microsoft Visual Studio Solution File, Format Version 12.00
# Visual Studio Version 17
VisualStudioVersion = 17.8.34511.84
MinimumVisualStudioVersion = 10.0.40219.1
Project("{FAE04EC0-301F-11D3-BF4B-00C04F79EFBC}") = "Fix64Math", "Fix64Math.csproj", "{05AF9A7F-EB46-4ABF-95F8-324F3390DE2A}"
EndProject
Global
	GlobalSection(SolutionConfigurationPlatforms) = preSolution
		Debug|Any CPU = Debug|Any CPU
		Release|Any CPU = Release|Any CPU
	EndGlobalSection
	GlobalSection(ProjectConfigurationPlatforms) = postSolution
		{05AF9A7F-EB46-4ABF-95F8-324F3390DE2A}.Debug|Any CPU.ActiveCfg = Release|Any CPU
		{05AF9A7F-EB46-4ABF-95F8-324F3390DE2A}.Debug|Any CPU.Build.0 = Release|Any CPU
		{05AF9A7F-EB46-4ABF-95F8-324F3390DE2A}.Release|Any CPU.ActiveCfg = Release|Any CPU
		{05AF9A7F-EB46-4ABF-95F8-324F3390DE2A}.Release|Any CPU.Build.0 = Release|Any CPU
	EndGlobalSection
	GlobalSection(SolutionProperties) = preSolution
		HideSolutionNode = FALSE
	EndGlobalSection
	GlobalSection(ExtensibilityGlobals) = postSolution
		SolutionGuid = {A24F4F0A-27C8-4018-AF55-FA7C4F9CB823}
	EndGlobalSection
EndGlobal
